
Microsoft Visual Studio Solution File, Format Version 12.00
# Visual Studio Version 17
VisualStudioVersion = 17.0.31903.59
MinimumVisualStudioVersion = 10.0.40219.1
Project("{FAE04EC0-301F-11D3-BF4B-00C04F79EFBC}") = "FileGenerator", "src\FileGenerator\FileGenerator.csproj", "{8290632E-3759-4626-9F72-5FEE6D0D5AB3}"
EndProject
Project("{FAE04EC0-301F-11D3-BF4B-00C04F79EFBC}") = "FileSorter", "src\FileSorter\FileSorter.csproj", "{F19D7320-0F14-4C8D-8A0C-355F8EFE52AD}"
EndProject
Project("{FAE04EC0-301F-11D3-BF4B-00C04F79EFBC}") = "SortAuditor", "src\SortAuditor\SortAuditor.csproj", "{D2CCC512-77AC-482F-8784-85993D2979A1}"
EndProject
Project("{FAE04EC0-301F-11D3-BF4B-00C04F79EFBC}") = "Common", "src\Common\Common.csproj", "{2C394863-CDAA-4955-87CD-78986DDEBE0D}"
EndProject
Project("{2150E333-8FDC-42A3-9474-1A3956D46DE8}") = "tests", "tests", "{0AB3BF05-4346-4AA6-1389-037BE0695223}"
EndProject
Project("{FAE04EC0-301F-11D3-BF4B-00C04F79EFBC}") = "Common.Tests", "tests\Common.Tests\Common.Tests.csproj", "{21FEA0EE-A057-4AC3-906D-CDA5CFF5EF89}"
EndProject
Global
	GlobalSection(SolutionConfigurationPlatforms) = preSolution
		Debug|Any CPU = Debug|Any CPU
		Debug|x64 = Debug|x64
		Debug|x86 = Debug|x86
		Release|Any CPU = Release|Any CPU
		Release|x64 = Release|x64
		Release|x86 = Release|x86
	EndGlobalSection
	GlobalSection(ProjectConfigurationPlatforms) = postSolution
		{8290632E-3759-4626-9F72-5FEE6D0D5AB3}.Debug|Any CPU.ActiveCfg = Debug|Any CPU
		{8290632E-3759-4626-9F72-5FEE6D0D5AB3}.Debug|Any CPU.Build.0 = Debug|Any CPU
		{8290632E-3759-4626-9F72-5FEE6D0D5AB3}.Debug|x64.ActiveCfg = Debug|Any CPU
		{8290632E-3759-4626-9F72-5FEE6D0D5AB3}.Debug|x64.Build.0 = Debug|Any CPU
		{8290632E-3759-4626-9F72-5FEE6D0D5AB3}.Debug|x86.ActiveCfg = Debug|Any CPU
		{8290632E-3759-4626-9F72-5FEE6D0D5AB3}.Debug|x86.Build.0 = Debug|Any CPU
		{8290632E-3759-4626-9F72-5FEE6D0D5AB3}.Release|Any CPU.ActiveCfg = Release|Any CPU
		{8290632E-3759-4626-9F72-5FEE6D0D5AB3}.Release|Any CPU.Build.0 = Release|Any CPU
		{8290632E-3759-4626-9F72-5FEE6D0D5AB3}.Release|x64.ActiveCfg = Release|Any CPU
		{8290632E-3759-4626-9F72-5FEE6D0D5AB3}.Release|x64.Build.0 = Release|Any CPU
		{8290632E-3759-4626-9F72-5FEE6D0D5AB3}.Release|x86.ActiveCfg = Release|Any CPU
		{8290632E-3759-4626-9F72-5FEE6D0D5AB3}.Release|x86.Build.0 = Release|Any CPU
		{F19D7320-0F14-4C8D-8A0C-355F8EFE52AD}.Debug|Any CPU.ActiveCfg = Debug|Any CPU
		{F19D7320-0F14-4C8D-8A0C-355F8EFE52AD}.Debug|Any CPU.Build.0 = Debug|Any CPU
		{F19D7320-0F14-4C8D-8A0C-355F8EFE52AD}.Debug|x64.ActiveCfg = Debug|Any CPU
		{F19D7320-0F14-4C8D-8A0C-355F8EFE52AD}.Debug|x64.Build.0 = Debug|Any CPU
		{F19D7320-0F14-4C8D-8A0C-355F8EFE52AD}.Debug|x86.ActiveCfg = Debug|Any CPU
		{F19D7320-0F14-4C8D-8A0C-355F8EFE52AD}.Debug|x86.Build.0 = Debug|Any CPU
		{F19D7320-0F14-4C8D-8A0C-355F8EFE52AD}.Release|Any CPU.ActiveCfg = Release|Any CPU
		{F19D7320-0F14-4C8D-8A0C-355F8EFE52AD}.Release|Any CPU.Build.0 = Release|Any CPU
		{F19D7320-0F14-4C8D-8A0C-355F8EFE52AD}.Release|x64.ActiveCfg = Release|Any CPU
		{F19D7320-0F14-4C8D-8A0C-355F8EFE52AD}.Release|x64.Build.0 = Release|Any CPU
		{F19D7320-0F14-4C8D-8A0C-355F8EFE52AD}.Release|x86.ActiveCfg = Release|Any CPU
		{F19D7320-0F14-4C8D-8A0C-355F8EFE52AD}.Release|x86.Build.0 = Release|Any CPU
		{D2CCC512-77AC-482F-8784-85993D2979A1}.Debug|Any CPU.ActiveCfg = Debug|Any CPU
		{D2CCC512-77AC-482F-8784-85993D2979A1}.Debug|Any CPU.Build.0 = Debug|Any CPU
		{D2CCC512-77AC-482F-8784-85993D2979A1}.Debug|x64.ActiveCfg = Debug|Any CPU
		{D2CCC512-77AC-482F-8784-85993D2979A1}.Debug|x64.Build.0 = Debug|Any CPU
		{D2CCC512-77AC-482F-8784-85993D2979A1}.Debug|x86.ActiveCfg = Debug|Any CPU
		{D2CCC512-77AC-482F-8784-85993D2979A1}.Debug|x86.Build.0 = Debug|Any CPU
		{D2CCC512-77AC-482F-8784-85993D2979A1}.Release|Any CPU.ActiveCfg = Release|Any CPU
		{D2CCC512-77AC-482F-8784-85993D2979A1}.Release|Any CPU.Build.0 = Release|Any CPU
		{D2CCC512-77AC-482F-8784-85993D2979A1}.Release|x64.ActiveCfg = Release|Any CPU
		{D2CCC512-77AC-482F-8784-85993D2979A1}.Release|x64.Build.0 = Release|Any CPU
		{D2CCC512-77AC-482F-8784-85993D2979A1}.Release|x86.ActiveCfg = Release|Any CPU
		{D2CCC512-77AC-482F-8784-85993D2979A1}.Release|x86.Build.0 = Release|Any CPU
		{2C394863-CDAA-4955-87CD-78986DDEBE0D}.Debug|Any CPU.ActiveCfg = Debug|Any CPU
		{2C394863-CDAA-4955-87CD-78986DDEBE0D}.Debug|Any CPU.Build.0 = Debug|Any CPU
		{2C394863-CDAA-4955-87CD-78986DDEBE0D}.Debug|x64.ActiveCfg = Debug|Any CPU
		{2C394863-CDAA-4955-87CD-78986DDEBE0D}.Debug|x64.Build.0 = Debug|Any CPU
		{2C394863-CDAA-4955-87CD-78986DDEBE0D}.Debug|x86.ActiveCfg = Debug|Any CPU
		{2C394863-CDAA-4955-87CD-78986DDEBE0D}.Debug|x86.Build.0 = Debug|Any CPU
		{2C394863-CDAA-4955-87CD-78986DDEBE0D}.Release|Any CPU.ActiveCfg = Release|Any CPU
		{2C394863-CDAA-4955-87CD-78986DDEBE0D}.Release|Any CPU.Build.0 = Release|Any CPU
		{2C394863-CDAA-4955-87CD-78986DDEBE0D}.Release|x64.ActiveCfg = Release|Any CPU
		{2C394863-CDAA-4955-87CD-78986DDEBE0D}.Release|x64.Build.0 = Release|Any CPU
		{2C394863-CDAA-4955-87CD-78986DDEBE0D}.Release|x86.ActiveCfg = Release|Any CPU
		{2C394863-CDAA-4955-87CD-78986DDEBE0D}.Release|x86.Build.0 = Release|Any CPU
		{21FEA0EE-A057-4AC3-906D-CDA5CFF5EF89}.Debug|Any CPU.ActiveCfg = Debug|Any CPU
		{21FEA0EE-A057-4AC3-906D-CDA5CFF5EF89}.Debug|Any CPU.Build.0 = Debug|Any CPU
		{21FEA0EE-A057-4AC3-906D-CDA5CFF5EF89}.Debug|x64.ActiveCfg = Debug|Any CPU
		{21FEA0EE-A057-4AC3-906D-CDA5CFF5EF89}.Debug|x64.Build.0 = Debug|Any CPU
		{21FEA0EE-A057-4AC3-906D-CDA5CFF5EF89}.Debug|x86.ActiveCfg = Debug|Any CPU
		{21FEA0EE-A057-4AC3-906D-CDA5CFF5EF89}.Debug|x86.Build.0 = Debug|Any CPU
		{21FEA0EE-A057-4AC3-906D-CDA5CFF5EF89}.Release|Any CPU.ActiveCfg = Release|Any CPU
		{21FEA0EE-A057-4AC3-906D-CDA5CFF5EF89}.Release|Any CPU.Build.0 = Release|Any CPU
		{21FEA0EE-A057-4AC3-906D-CDA5CFF5EF89}.Release|x64.ActiveCfg = Release|Any CPU
		{21FEA0EE-A057-4AC3-906D-CDA5CFF5EF89}.Release|x64.Build.0 = Release|Any CPU
		{21FEA0EE-A057-4AC3-906D-CDA5CFF5EF89}.Release|x86.ActiveCfg = Release|Any CPU
		{21FEA0EE-A057-4AC3-906D-CDA5CFF5EF89}.Release|x86.Build.0 = Release|Any CPU
	EndGlobalSection
	GlobalSection(SolutionProperties) = preSolution
		HideSolutionNode = FALSE
	EndGlobalSection
	GlobalSection(NestedProjects) = preSolution
		{21FEA0EE-A057-4AC3-906D-CDA5CFF5EF89} = {0AB3BF05-4346-4AA6-1389-037BE0695223}
	EndGlobalSection
EndGlobal
